github.com/ip2location/ip2location-go/v9 v9.1.0 h1:DVlKxIcjA7CsA0cgzbidwe6eKzpbkS313LsH9ceutxI=
github.com/ip2location/ip2location-go/v9 v9.1.0/go.mod h1:s5SV6YZL10TpfPpXw//7fEJC65G/yH7Oh+Tjq9JcQEQ=
github.com/ip2location/ip2location-go/v9 v9.6.0 h1:do+hKM2wbVG3lXMavZzWuy0znXxJBvGc7mv0wzRVoYc=
github.com/ip2location/ip2location-go/v9 v9.6.0/go.mod h1:MPLnsKxwQlvd2lBNcQCsLoyzJLDBFizuO67wXXdzoyI=
github.com/mattn/go-sqlite3 v1.14.16 h1:yOQRA0RpS5PFz/oikGwBEqvAWhWg5ufRz4ETLjwpU1Y=
github.com/mattn/go-sqlite3 v1.14.16/go.mod h1:2eHXhiwb8IkHr+BDWZGa96P6+rkvnG63S2DGjv9HUNg=
github.com/mattn/go-sqlite3 v1.14.17 h1:mCRHCLDUBXgpKAqIKsaAaAsrAlbkeomtRFKXh2L6YIM=
github.com/mattn/go-sqlite3 v1.14.17/go.mod h1:2eHXhiwb8IkHr+BDWZGa96P6+rkvnG63S2DGjv9HUNg=
lukechampine.com/uint128 v1.2.0/go.mod h1:c4eWIwlEGaxC/+H1VguhU4PHXNWDCDMUlWdIWl2j1gk=
lukechampine.com/uint128 v1.3.0 h1:cDdUVfRwDUDovz610ABgFD17nXD4/uDgVHl2sC3+sbo=
lukechampine.com/uint128 v1.3.0/go.mod h1:c4eWIwlEGaxC/+H1VguhU4PHXNWDCDMUlWdIWl2j1gk=
